
Microsoft Visual Studio Solution File, Format Version 12.00
# Visual Studio Version 17
VisualStudioVersion = 17.5.33424.131
MinimumVisualStudioVersion = 10.0.40219.1
Project("{FAE04EC0-301F-11D3-BF4B-00C04F79EFBC}") = "ControleEstoquePA.UWP", "ControleEstoquePA\ControleEstoquePA.UWP\ControleEstoquePA.UWP.csproj", "{F4468887-2CF6-4E79-9EFF-2F0EDA34A2F4}"
EndProject
Project("{FAE04EC0-301F-11D3-BF4B-00C04F79EFBC}") = "ControleEstoquePA.Android", "ControleEstoquePA\ControleEstoquePA.Android\ControleEstoquePA.Android.csproj", "{57BAABCC-98FA-47CE-B415-92B19A4A5CEF}"
EndProject
Project("{FAE04EC0-301F-11D3-BF4B-00C04F79EFBC}") = "ControleEstoquePA.iOS", "ControleEstoquePA\ControleEstoquePA.iOS\ControleEstoquePA.iOS.csproj", "{38551D8F-6084-43B7-9BC8-E70D2F377133}"
EndProject
Project("{FAE04EC0-301F-11D3-BF4B-00C04F79EFBC}") = "ControleEstoquePA", "ControleEstoquePA\ControleEstoquePA\ControleEstoquePA.csproj", "{7CE12A1F-935F-4401-9B6D-7E004BDEDBD5}"
EndProject
Global
	GlobalSection(SolutionConfigurationPlatforms) = preSolution
		Debug|Any CPU = Debug|Any CPU
		Debug|ARM = Debug|ARM
		Debug|iPhone = Debug|iPhone
		Debug|iPhoneSimulator = Debug|iPhoneSimulator
		Debug|x64 = Debug|x64
		Debug|x86 = Debug|x86
		Release|Any CPU = Release|Any CPU
		Release|ARM = Release|ARM
		Release|iPhone = Release|iPhone
		Release|iPhoneSimulator = Release|iPhoneSimulator
		Release|x64 = Release|x64
		Release|x86 = Release|x86
	EndGlobalSection
	GlobalSection(ProjectConfigurationPlatforms) = postSolution
		{F4468887-2CF6-4E79-9EFF-2F0EDA34A2F4}.Debug|Any CPU.ActiveCfg = Debug|x64
		{F4468887-2CF6-4E79-9EFF-2F0EDA34A2F4}.Debug|Any CPU.Build.0 = Debug|x64
		{F4468887-2CF6-4E79-9EFF-2F0EDA34A2F4}.Debug|Any CPU.Deploy.0 = Debug|x64
		{F4468887-2CF6-4E79-9EFF-2F0EDA34A2F4}.Debug|ARM.ActiveCfg = Debug|ARM
		{F4468887-2CF6-4E79-9EFF-2F0EDA34A2F4}.Debug|ARM.Build.0 = Debug|ARM
		{F4468887-2CF6-4E79-9EFF-2F0EDA34A2F4}.Debug|ARM.Deploy.0 = Debug|ARM
		{F4468887-2CF6-4E79-9EFF-2F0EDA34A2F4}.Debug|iPhone.ActiveCfg = Debug|x64
		{F4468887-2CF6-4E79-9EFF-2F0EDA34A2F4}.Debug|iPhone.Build.0 = Debug|x64
		{F4468887-2CF6-4E79-9EFF-2F0EDA34A2F4}.Debug|iPhone.Deploy.0 = Debug|x64
		{F4468887-2CF6-4E79-9EFF-2F0EDA34A2F4}.Debug|iPhoneSimulator.ActiveCfg = Debug|x64
		{F4468887-2CF6-4E79-9EFF-2F0EDA34A2F4}.Debug|iPhoneSimulator.Build.0 = Debug|x64
		{F4468887-2CF6-4E79-9EFF-2F0EDA34A2F4}.Debug|iPhoneSimulator.Deploy.0 = Debug|x64
		{F4468887-2CF6-4E79-9EFF-2F0EDA34A2F4}.Debug|x64.ActiveCfg = Debug|x64
		{F4468887-2CF6-4E79-9EFF-2F0EDA34A2F4}.Debug|x64.Build.0 = Debug|x64
		{F4468887-2CF6-4E79-9EFF-2F0EDA34A2F4}.Debug|x64.Deploy.0 = Debug|x64
		{F4468887-2CF6-4E79-9EFF-2F0EDA34A2F4}.Debug|x86.ActiveCfg = Debug|x86
		{F4468887-2CF6-4E79-9EFF-2F0EDA34A2F4}.Debug|x86.Build.0 = Debug|x86
		{F4468887-2CF6-4E79-9EFF-2F0EDA34A2F4}.Debug|x86.Deploy.0 = Debug|x86
		{F4468887-2CF6-4E79-9EFF-2F0EDA34A2F4}.Release|Any CPU.ActiveCfg = Release|x64
		{F4468887-2CF6-4E79-9EFF-2F0EDA34A2F4}.Release|Any CPU.Build.0 = Release|x64
		{F4468887-2CF6-4E79-9EFF-2F0EDA34A2F4}.Release|Any CPU.Deploy.0 = Release|x64
		{F4468887-2CF6-4E79-9EFF-2F0EDA34A2F4}.Release|ARM.ActiveCfg = Release|ARM
		{F4468887-2CF6-4E79-9EFF-2F0EDA34A2F4}.Release|ARM.Build.0 = Release|ARM
		{F4468887-2CF6-4E79-9EFF-2F0EDA34A2F4}.Release|ARM.Deploy.0 = Release|ARM
		{F4468887-2CF6-4E79-9EFF-2F0EDA34A2F4}.Release|iPhone.ActiveCfg = Release|x64
		{F4468887-2CF6-4E79-9EFF-2F0EDA34A2F4}.Release|iPhone.Build.0 = Release|x64
		{F4468887-2CF6-4E79-9EFF-2F0EDA34A2F4}.Release|iPhone.Deploy.0 = Release|x64
		{F4468887-2CF6-4E79-9EFF-2F0EDA34A2F4}.Release|iPhoneSimulator.ActiveCfg = Release|x64
		{F4468887-2CF6-4E79-9EFF-2F0EDA34A2F4}.Release|iPhoneSimulator.Build.0 = Release|x64
		{F4468887-2CF6-4E79-9EFF-2F0EDA34A2F4}.Release|iPhoneSimulator.Deploy.0 = Release|x64
		{F4468887-2CF6-4E79-9EFF-2F0EDA34A2F4}.Release|x64.ActiveCfg = Release|x64
		{F4468887-2CF6-4E79-9EFF-2F0EDA34A2F4}.Release|x64.Build.0 = Release|x64
		{F4468887-2CF6-4E79-9EFF-2F0EDA34A2F4}.Release|x64.Deploy.0 = Release|x64
		{F4468887-2CF6-4E79-9EFF-2F0EDA34A2F4}.Release|x86.ActiveCfg = Release|x86
		{F4468887-2CF6-4E79-9EFF-2F0EDA34A2F4}.Release|x86.Build.0 = Release|x86
		{F4468887-2CF6-4E79-9EFF-2F0EDA34A2F4}.Release|x86.Deploy.0 = Release|x86
		{57BAABCC-98FA-47CE-B415-92B19A4A5CEF}.Debug|Any CPU.ActiveCfg = Debug|Any CPU
		{57BAABCC-98FA-47CE-B415-92B19A4A5CEF}.Debug|Any CPU.Build.0 = Debug|Any CPU
		{57BAABCC-98FA-47CE-B415-92B19A4A5CEF}.Debug|Any CPU.Deploy.0 = Debug|Any CPU
		{57BAABCC-98FA-47CE-B415-92B19A4A5CEF}.Debug|ARM.ActiveCfg = Debug|Any CPU
		{57BAABCC-98FA-47CE-B415-92B19A4A5CEF}.Debug|ARM.Build.0 = Debug|Any CPU
		{57BAABCC-98FA-47CE-B415-92B19A4A5CEF}.Debug|ARM.Deploy.0 = Debug|Any CPU
		{57BAABCC-98FA-47CE-B415-92B19A4A5CEF}.Debug|iPhone.ActiveCfg = Debug|Any CPU
		{57BAABCC-98FA-47CE-B415-92B19A4A5CEF}.Debug|iPhone.Build.0 = Debug|Any CPU
		{57BAABCC-98FA-47CE-B415-92B19A4A5CEF}.Debug|iPhone.Deploy.0 = Debug|Any CPU
		{57BAABCC-98FA-47CE-B415-92B19A4A5CEF}.Debug|iPhoneSimulator.ActiveCfg = Debug|Any CPU
		{57BAABCC-98FA-47CE-B415-92B19A4A5CEF}.Debug|iPhoneSimulator.Build.0 = Debug|Any CPU
		{57BAABCC-98FA-47CE-B415-92B19A4A5CEF}.Debug|iPhoneSimulator.Deploy.0 = Debug|Any CPU
		{57BAABCC-98FA-47CE-B415-92B19A4A5CEF}.Debug|x64.ActiveCfg = Debug|Any CPU
		{57BAABCC-98FA-47CE-B415-92B19A4A5CEF}.Debug|x64.Build.0 = Debug|Any CPU
		{57BAABCC-98FA-47CE-B415-92B19A4A5CEF}.Debug|x64.Deploy.0 = Debug|Any CPU
		{57BAABCC-98FA-47CE-B415-92B19A4A5CEF}.Debug|x86.ActiveCfg = Debug|Any CPU
		{57BAABCC-98FA-47CE-B415-92B19A4A5CEF}.Debug|x86.Build.0 = Debug|Any CPU
		{57BAABCC-98FA-47CE-B415-92B19A4A5CEF}.Debug|x86.Deploy.0 = Debug|Any CPU
		{57BAABCC-98FA-47CE-B415-92B19A4A5CEF}.Release|Any CPU.ActiveCfg = Release|Any CPU
		{57BAABCC-98FA-47CE-B415-92B19A4A5CEF}.Release|Any CPU.Build.0 = Release|Any CPU
		{57BAABCC-98FA-47CE-B415-92B19A4A5CEF}.Release|Any CPU.Deploy.0 = Release|Any CPU
		{57BAABCC-98FA-47CE-B415-92B19A4A5CEF}.Release|ARM.ActiveCfg = Release|Any CPU
		{57BAABCC-98FA-47CE-B415-92B19A4A5CEF}.Release|ARM.Build.0 = Release|Any CPU
		{57BAABCC-98FA-47CE-B415-92B19A4A5CEF}.Release|ARM.Deploy.0 = Release|Any CPU
		{57BAABCC-98FA-47CE-B415-92B19A4A5CEF}.Release|iPhone.ActiveCfg = Release|Any CPU
		{57BAABCC-98FA-47CE-B415-92B19A4A5CEF}.Release|iPhone.Build.0 = Release|Any CPU
		{57BAABCC-98FA-47CE-B415-92B19A4A5CEF}.Release|iPhone.Deploy.0 = Release|Any CPU
		{57BAABCC-98FA-47CE-B415-92B19A4A5CEF}.Release|iPhoneSimulator.ActiveCfg = Release|Any CPU
		{57BAABCC-98FA-47CE-B415-92B19A4A5CEF}.Release|iPhoneSimulator.Build.0 = Release|Any CPU
		{57BAABCC-98FA-47CE-B415-92B19A4A5CEF}.Release|iPhoneSimulator.Deploy.0 = Release|Any CPU
		{57BAABCC-98FA-47CE-B415-92B19A4A5CEF}.Release|x64.ActiveCfg = Release|Any CPU
		{57BAABCC-98FA-47CE-B415-92B19A4A5CEF}.Release|x64.Build.0 = Release|Any CPU
		{57BAABCC-98FA-47CE-B415-92B19A4A5CEF}.Release|x64.Deploy.0 = Release|Any CPU
		{57BAABCC-98FA-47CE-B415-92B19A4A5CEF}.Release|x86.ActiveCfg = Release|Any CPU
		{57BAABCC-98FA-47CE-B415-92B19A4A5CEF}.Release|x86.Build.0 = Release|Any CPU
		{57BAABCC-98FA-47CE-B415-92B19A4A5CEF}.Release|x86.Deploy.0 = Release|Any CPU
		{38551D8F-6084-43B7-9BC8-E70D2F377133}.Debug|Any CPU.ActiveCfg = Debug|iPhoneSimulator
		{38551D8F-6084-43B7-9BC8-E70D2F377133}.Debug|Any CPU.Build.0 = Debug|iPhoneSimulator
		{38551D8F-6084-43B7-9BC8-E70D2F377133}.Debug|Any CPU.Deploy.0 = Debug|iPhoneSimulator
		{38551D8F-6084-43B7-9BC8-E70D2F377133}.Debug|ARM.ActiveCfg = Debug|iPhoneSimulator
		{38551D8F-6084-43B7-9BC8-E70D2F377133}.Debug|ARM.Build.0 = Debug|iPhoneSimulator
		{38551D8F-6084-43B7-9BC8-E70D2F377133}.Debug|ARM.Deploy.0 = Debug|iPhoneSimulator
		{38551D8F-6084-43B7-9BC8-E70D2F377133}.Debug|iPhone.ActiveCfg = Debug|iPhone
		{38551D8F-6084-43B7-9BC8-E70D2F377133}.Debug|iPhone.Build.0 = Debug|iPhone
		{38551D8F-6084-43B7-9BC8-E70D2F377133}.Debug|iPhone.Deploy.0 = Debug|iPhone
		{38551D8F-6084-43B7-9BC8-E70D2F377133}.Debug|iPhoneSimulator.ActiveCfg = Debug|iPhoneSimulator
		{38551D8F-6084-43B7-9BC8-E70D2F377133}.Debug|iPhoneSimulator.Build.0 = Debug|iPhoneSimulator
		{38551D8F-6084-43B7-9BC8-E70D2F377133}.Debug|iPhoneSimulator.Deploy.0 = Debug|iPhoneSimulator
		{38551D8F-6084-43B7-9BC8-E70D2F377133}.Debug|x64.ActiveCfg = Debug|iPhone
		{38551D8F-6084-43B7-9BC8-E70D2F377133}.Debug|x64.Build.0 = Debug|iPhone
		{38551D8F-6084-43B7-9BC8-E70D2F377133}.Debug|x64.Deploy.0 = Debug|iPhone
		{38551D8F-6084-43B7-9BC8-E70D2F377133}.Debug|x86.ActiveCfg = Debug|iPhoneSimulator
		{38551D8F-6084-43B7-9BC8-E70D2F377133}.Debug|x86.Build.0 = Debug|iPhoneSimulator
		{38551D8F-6084-43B7-9BC8-E70D2F377133}.Debug|x86.Deploy.0 = Debug|iPhoneSimulator
		{38551D8F-6084-43B7-9BC8-E70D2F377133}.Release|Any CPU.ActiveCfg = Release|iPhoneSimulator
		{38551D8F-6084-43B7-9BC8-E70D2F377133}.Release|Any CPU.Build.0 = Release|iPhoneSimulator
		{38551D8F-6084-43B7-9BC8-E70D2F377133}.Release|Any CPU.Deploy.0 = Release|iPhoneSimulator
		{38551D8F-6084-43B7-9BC8-E70D2F377133}.Release|ARM.ActiveCfg = Release|iPhoneSimulator
		{38551D8F-6084-43B7-9BC8-E70D2F377133}.Release|ARM.Build.0 = Release|iPhoneSimulator
		{38551D8F-6084-43B7-9BC8-E70D2F377133}.Release|ARM.Deploy.0 = Release|iPhoneSimulator
		{38551D8F-6084-43B7-9BC8-E70D2F377133}.Release|iPhone.ActiveCfg = Release|iPhone
		{38551D8F-6084-43B7-9BC8-E70D2F377133}.Release|iPhone.Build.0 = Release|iPhone
		{38551D8F-6084-43B7-9BC8-E70D2F377133}.Release|iPhone.Deploy.0 = Release|iPhone
		{38551D8F-6084-43B7-9BC8-E70D2F377133}.Release|iPhoneSimulator.ActiveCfg = Release|iPhoneSimulator
		{38551D8F-6084-43B7-9BC8-E70D2F377133}.Release|iPhoneSimulator.Build.0 = Release|iPhoneSimulator
		{38551D8F-6084-43B7-9BC8-E70D2F377133}.Release|iPhoneSimulator.Deploy.0 = Release|iPhoneSimulator
		{38551D8F-6084-43B7-9BC8-E70D2F377133}.Release|x64.ActiveCfg = Release|iPhoneSimulator
		{38551D8F-6084-43B7-9BC8-E70D2F377133}.Release|x64.Build.0 = Release|iPhoneSimulator
		{38551D8F-6084-43B7-9BC8-E70D2F377133}.Release|x64.Deploy.0 = Release|iPhoneSimulator
		{38551D8F-6084-43B7-9BC8-E70D2F377133}.Release|x86.ActiveCfg = Release|iPhoneSimulator
		{38551D8F-6084-43B7-9BC8-E70D2F377133}.Release|x86.Build.0 = Release|iPhoneSimulator
		{38551D8F-6084-43B7-9BC8-E70D2F377133}.Release|x86.Deploy.0 = Release|iPhoneSimulator
		{7CE12A1F-935F-4401-9B6D-7E004BDEDBD5}.Debug|Any CPU.ActiveCfg = Debug|Any CPU
		{7CE12A1F-935F-4401-9B6D-7E004BDEDBD5}.Debug|Any CPU.Build.0 = Debug|Any CPU
		{7CE12A1F-935F-4401-9B6D-7E004BDEDBD5}.Debug|Any CPU.Deploy.0 = Debug|Any CPU
		{7CE12A1F-935F-4401-9B6D-7E004BDEDBD5}.Debug|ARM.ActiveCfg = Debug|Any CPU
		{7CE12A1F-935F-4401-9B6D-7E004BDEDBD5}.Debug|ARM.Build.0 = Debug|Any CPU
		{7CE12A1F-935F-4401-9B6D-7E004BDEDBD5}.Debug|ARM.Deploy.0 = Debug|Any CPU
		{7CE12A1F-935F-4401-9B6D-7E004BDEDBD5}.Debug|iPhone.ActiveCfg = Debug|Any CPU
		{7CE12A1F-935F-4401-9B6D-7E004BDEDBD5}.Debug|iPhone.Build.0 = Debug|Any CPU
		{7CE12A1F-935F-4401-9B6D-7E004BDEDBD5}.Debug|iPhone.Deploy.0 = Debug|Any CPU
		{7CE12A1F-935F-4401-9B6D-7E004BDEDBD5}.Debug|iPhoneSimulator.ActiveCfg = Debug|Any CPU
		{7CE12A1F-935F-4401-9B6D-7E004BDEDBD5}.Debug|iPhoneSimulator.Build.0 = Debug|Any CPU
		{7CE12A1F-935F-4401-9B6D-7E004BDEDBD5}.Debug|iPhoneSimulator.Deploy.0 = Debug|Any CPU
		{7CE12A1F-935F-4401-9B6D-7E004BDEDBD5}.Debug|x64.ActiveCfg = Debug|Any CPU
		{7CE12A1F-935F-4401-9B6D-7E004BDEDBD5}.Debug|x64.Build.0 = Debug|Any CPU
		{7CE12A1F-935F-4401-9B6D-7E004BDEDBD5}.Debug|x64.Deploy.0 = Debug|Any CPU
		{7CE12A1F-935F-4401-9B6D-7E004BDEDBD5}.Debug|x86.ActiveCfg = Debug|Any CPU
		{7CE12A1F-935F-4401-9B6D-7E004BDEDBD5}.Debug|x86.Build.0 = Debug|Any CPU
		{7CE12A1F-935F-4401-9B6D-7E004BDEDBD5}.Debug|x86.Deploy.0 = Debug|Any CPU
		{7CE12A1F-935F-4401-9B6D-7E004BDEDBD5}.Release|Any CPU.ActiveCfg = Release|Any CPU
		{7CE12A1F-935F-4401-9B6D-7E004BDEDBD5}.Release|Any CPU.Build.0 = Release|Any CPU
		{7CE12A1F-935F-4401-9B6D-7E004BDEDBD5}.Release|Any CPU.Deploy.0 = Release|Any CPU
		{7CE12A1F-935F-4401-9B6D-7E004BDEDBD5}.Release|ARM.ActiveCfg = Release|Any CPU
		{7CE12A1F-935F-4401-9B6D-7E004BDEDBD5}.Release|ARM.Build.0 = Release|Any CPU
		{7CE12A1F-935F-4401-9B6D-7E004BDEDBD5}.Release|ARM.Deploy.0 = Release|Any CPU
		{7CE12A1F-935F-4401-9B6D-7E004BDEDBD5}.Release|iPhone.ActiveCfg = Release|Any CPU
		{7CE12A1F-935F-4401-9B6D-7E004BDEDBD5}.Release|iPhone.Build.0 = Release|Any CPU
		{7CE12A1F-935F-4401-9B6D-7E004BDEDBD5}.Release|iPhone.Deploy.0 = Release|Any CPU
		{7CE12A1F-935F-4401-9B6D-7E004BDEDBD5}.Release|iPhoneSimulator.ActiveCfg = Release|Any CPU
		{7CE12A1F-935F-4401-9B6D-7E004BDEDBD5}.Release|iPhoneSimulator.Build.0 = Release|Any CPU
		{7CE12A1F-935F-4401-9B6D-7E004BDEDBD5}.Release|iPhoneSimulator.Deploy.0 = Release|Any CPU
		{7CE12A1F-935F-4401-9B6D-7E004BDEDBD5}.Release|x64.ActiveCfg = Release|Any CPU
		{7CE12A1F-935F-4401-9B6D-7E004BDEDBD5}.Release|x64.Build.0 = Release|Any CPU
		{7CE12A1F-935F-4401-9B6D-7E004BDEDBD5}.Release|x64.Deploy.0 = Release|Any CPU
		{7CE12A1F-935F-4401-9B6D-7E004BDEDBD5}.Release|x86.ActiveCfg = Release|Any CPU
		{7CE12A1F-935F-4401-9B6D-7E004BDEDBD5}.Release|x86.Build.0 = Release|Any CPU
		{7CE12A1F-935F-4401-9B6D-7E004BDEDBD5}.Release|x86.Deploy.0 = Release|Any CPU
	EndGlobalSection
	GlobalSection(SolutionProperties) = preSolution
		HideSolutionNode = FALSE
	EndGlobalSection
	GlobalSection(ExtensibilityGlobals) = postSolution
		SolutionGuid = {DE1C859D-B912-4AEF-8E26-F098B17E4C9D}
	EndGlobalSection
EndGlobal
